
Microsoft Visual Studio Solution File, Format Version 12.00
# Visual Studio 14
VisualStudioVersion = 14.0.25420.1
MinimumVisualStudioVersion = 10.0.40219.1
Project("{8BC9CEB8-8B4A-11D0-8D11-00A0C91BC942}") = "FlashML", "FlashML\FlashML.vcxproj", "{77AD5B0B-9679-48EA-AF42-7E0EF88CC355}"
	ProjectSection(ProjectDependencies) = postProject
		{EBF02425-81D1-4BEF-B477-A5BA162D1D93} = {EBF02425-81D1-4BEF-B477-A5BA162D1D93}
	EndProjectSection
EndProject
Project("{8BC9CEB8-8B4A-11D0-8D11-00A0C91BC942}") = "avm2011", "third_party\red_tamarin_stable\tamarin-cental\platform\win32\avm2011.vcxproj", "{CA852ACB-0BC8-4B48-A52A-FA48D332C361}"
EndProject
Project("{8BC9CEB8-8B4A-11D0-8D11-00A0C91BC942}") = "swfparser", "third_party\swfparser\swfparser.vcxproj", "{EBF02425-81D1-4BEF-B477-A5BA162D1D93}"
EndProject
Project("{8BC9CEB8-8B4A-11D0-8D11-00A0C91BC942}") = "lzma", "third_party\lzma-920\lzma.vcxproj", "{FE510F19-4C32-4799-BE2F-61D3B663C202}"
EndProject
Project("{8BC9CEB8-8B4A-11D0-8D11-00A0C91BC942}") = "zlib", "third_party\zlib123\projects\vc8\zlib.vcxproj", "{CEACDECD-E363-44AE-AEF0-8017475A3302}"
EndProject
Project("{8BC9CEB8-8B4A-11D0-8D11-00A0C91BC942}") = "pcre", "third_party\pcre-7.9\pcre.vcxproj", "{8CDE0E2D-D1FA-4E85-94E3-A1E92B1800AB}"
EndProject
Project("{8BC9CEB8-8B4A-11D0-8D11-00A0C91BC942}") = "jsoncpp", "third_party\jsoncpp\jsoncpp.vcxproj", "{20CFD720-4BFB-443F-AFAD-5E079BB72C5D}"
EndProject
Project("{8BC9CEB8-8B4A-11D0-8D11-00A0C91BC942}") = "libyara_3_0_0", "third_party\yara-3.0.0\yara\windows\libyara\libyara_3_0_0.vcxproj", "{6A0FF993-CEDB-5133-B51F-E15D389664EF}"
EndProject
Global
	GlobalSection(SolutionConfigurationPlatforms) = preSolution
		Debug_Debugger|x64 = Debug_Debugger|x64
		Debug_Debugger|x86 = Debug_Debugger|x86
		Debug|x64 = Debug|x64
		Debug|x86 = Debug|x86
		dummy|x64 = dummy|x64
		dummy|x86 = dummy|x86
		ForUT|x64 = ForUT|x64
		ForUT|x86 = ForUT|x86
		LIB ASM Debug MD|x64 = LIB ASM Debug MD|x64
		LIB ASM Debug MD|x86 = LIB ASM Debug MD|x86
		LIB ASM Debug|x64 = LIB ASM Debug|x64
		LIB ASM Debug|x86 = LIB ASM Debug|x86
		LIB ASM Release MD|x64 = LIB ASM Release MD|x64
		LIB ASM Release MD|x86 = LIB ASM Release MD|x86
		LIB ASM Release|x64 = LIB ASM Release|x64
		LIB ASM Release|x86 = LIB ASM Release|x86
		LIB Debug MD|x64 = LIB Debug MD|x64
		LIB Debug MD|x86 = LIB Debug MD|x86
		LIB Debug|x64 = LIB Debug|x64
		LIB Debug|x86 = LIB Debug|x86
		LIB Release MD|x64 = LIB Release MD|x64
		LIB Release MD|x86 = LIB Release MD|x86
		LIB Release|x64 = LIB Release|x64
		LIB Release|x86 = LIB Release|x86
		Release_Debugger|x64 = Release_Debugger|x64
		Release_Debugger|x86 = Release_Debugger|x86
		Release|x64 = Release|x64
		Release|x86 = Release|x86
		UT|x64 = UT|x64
		UT|x86 = UT|x86
		x64UT|x64 = x64UT|x64
		x64UT|x86 = x64UT|x86
		x86UT|x64 = x86UT|x64
		x86UT|x86 = x86UT|x86
	EndGlobalSection
	GlobalSection(ProjectConfigurationPlatforms) = postSolution
		{77AD5B0B-9679-48EA-AF42-7E0EF88CC355}.Debug_Debugger|x64.ActiveCfg = Debug|x64
		{77AD5B0B-9679-48EA-AF42-7E0EF88CC355}.Debug_Debugger|x64.Build.0 = Debug|x64
		{77AD5B0B-9679-48EA-AF42-7E0EF88CC355}.Debug_Debugger|x86.ActiveCfg = Debug|Win32
		{77AD5B0B-9679-48EA-AF42-7E0EF88CC355}.Debug_Debugger|x86.Build.0 = Debug|Win32
		{77AD5B0B-9679-48EA-AF42-7E0EF88CC355}.Debug|x64.ActiveCfg = Debug|x64
		{77AD5B0B-9679-48EA-AF42-7E0EF88CC355}.Debug|x64.Build.0 = Debug|x64
		{77AD5B0B-9679-48EA-AF42-7E0EF88CC355}.Debug|x86.ActiveCfg = Debug|Win32
		{77AD5B0B-9679-48EA-AF42-7E0EF88CC355}.Debug|x86.Build.0 = Debug|Win32
		{77AD5B0B-9679-48EA-AF42-7E0EF88CC355}.dummy|x64.ActiveCfg = Debug|x64
		{77AD5B0B-9679-48EA-AF42-7E0EF88CC355}.dummy|x64.Build.0 = Debug|x64
		{77AD5B0B-9679-48EA-AF42-7E0EF88CC355}.dummy|x86.ActiveCfg = Debug|Win32
		{77AD5B0B-9679-48EA-AF42-7E0EF88CC355}.dummy|x86.Build.0 = Debug|Win32
		{77AD5B0B-9679-48EA-AF42-7E0EF88CC355}.ForUT|x64.ActiveCfg = Release|x64
		{77AD5B0B-9679-48EA-AF42-7E0EF88CC355}.ForUT|x64.Build.0 = Release|x64
		{77AD5B0B-9679-48EA-AF42-7E0EF88CC355}.ForUT|x86.ActiveCfg = Release|Win32
		{77AD5B0B-9679-48EA-AF42-7E0EF88CC355}.ForUT|x86.Build.0 = Release|Win32
		{77AD5B0B-9679-48EA-AF42-7E0EF88CC355}.LIB ASM Debug MD|x64.ActiveCfg = Debug|x64
		{77AD5B0B-9679-48EA-AF42-7E0EF88CC355}.LIB ASM Debug MD|x64.Build.0 = Debug|x64
		{77AD5B0B-9679-48EA-AF42-7E0EF88CC355}.LIB ASM Debug MD|x86.ActiveCfg = Debug|Win32
		{77AD5B0B-9679-48EA-AF42-7E0EF88CC355}.LIB ASM Debug MD|x86.Build.0 = Debug|Win32
		{77AD5B0B-9679-48EA-AF42-7E0EF88CC355}.LIB ASM Debug|x64.ActiveCfg = Debug|x64
		{77AD5B0B-9679-48EA-AF42-7E0EF88CC355}.LIB ASM Debug|x64.Build.0 = Debug|x64
		{77AD5B0B-9679-48EA-AF42-7E0EF88CC355}.LIB ASM Debug|x86.ActiveCfg = Debug|Win32
		{77AD5B0B-9679-48EA-AF42-7E0EF88CC355}.LIB ASM Debug|x86.Build.0 = Debug|Win32
		{77AD5B0B-9679-48EA-AF42-7E0EF88CC355}.LIB ASM Release MD|x64.ActiveCfg = Release|x64
		{77AD5B0B-9679-48EA-AF42-7E0EF88CC355}.LIB ASM Release MD|x64.Build.0 = Release|x64
		{77AD5B0B-9679-48EA-AF42-7E0EF88CC355}.LIB ASM Release MD|x86.ActiveCfg = Release|Win32
		{77AD5B0B-9679-48EA-AF42-7E0EF88CC355}.LIB ASM Release MD|x86.Build.0 = Release|Win32
		{77AD5B0B-9679-48EA-AF42-7E0EF88CC355}.LIB ASM Release|x64.ActiveCfg = Release|x64
		{77AD5B0B-9679-48EA-AF42-7E0EF88CC355}.LIB ASM Release|x64.Build.0 = Release|x64
		{77AD5B0B-9679-48EA-AF42-7E0EF88CC355}.LIB ASM Release|x86.ActiveCfg = Release|Win32
		{77AD5B0B-9679-48EA-AF42-7E0EF88CC355}.LIB ASM Release|x86.Build.0 = Release|Win32
		{77AD5B0B-9679-48EA-AF42-7E0EF88CC355}.LIB Debug MD|x64.ActiveCfg = Debug|x64
		{77AD5B0B-9679-48EA-AF42-7E0EF88CC355}.LIB Debug MD|x64.Build.0 = Debug|x64
		{77AD5B0B-9679-48EA-AF42-7E0EF88CC355}.LIB Debug MD|x86.ActiveCfg = Debug|Win32
		{77AD5B0B-9679-48EA-AF42-7E0EF88CC355}.LIB Debug MD|x86.Build.0 = Debug|Win32
		{77AD5B0B-9679-48EA-AF42-7E0EF88CC355}.LIB Debug|x64.ActiveCfg = Debug|x64
		{77AD5B0B-9679-48EA-AF42-7E0EF88CC355}.LIB Debug|x64.Build.0 = Debug|x64
		{77AD5B0B-9679-48EA-AF42-7E0EF88CC355}.LIB Debug|x86.ActiveCfg = Debug|Win32
		{77AD5B0B-9679-48EA-AF42-7E0EF88CC355}.LIB Debug|x86.Build.0 = Debug|Win32
		{77AD5B0B-9679-48EA-AF42-7E0EF88CC355}.LIB Release MD|x64.ActiveCfg = Release|x64
		{77AD5B0B-9679-48EA-AF42-7E0EF88CC355}.LIB Release MD|x64.Build.0 = Release|x64
		{77AD5B0B-9679-48EA-AF42-7E0EF88CC355}.LIB Release MD|x86.ActiveCfg = Release|Win32
		{77AD5B0B-9679-48EA-AF42-7E0EF88CC355}.LIB Release MD|x86.Build.0 = Release|Win32
		{77AD5B0B-9679-48EA-AF42-7E0EF88CC355}.LIB Release|x64.ActiveCfg = Release|x64
		{77AD5B0B-9679-48EA-AF42-7E0EF88CC355}.LIB Release|x64.Build.0 = Release|x64
		{77AD5B0B-9679-48EA-AF42-7E0EF88CC355}.LIB Release|x86.ActiveCfg = Release|Win32
		{77AD5B0B-9679-48EA-AF42-7E0EF88CC355}.LIB Release|x86.Build.0 = Release|Win32
		{77AD5B0B-9679-48EA-AF42-7E0EF88CC355}.Release_Debugger|x64.ActiveCfg = Release|x64
		{77AD5B0B-9679-48EA-AF42-7E0EF88CC355}.Release_Debugger|x64.Build.0 = Release|x64
		{77AD5B0B-9679-48EA-AF42-7E0EF88CC355}.Release_Debugger|x86.ActiveCfg = Release|Win32
		{77AD5B0B-9679-48EA-AF42-7E0EF88CC355}.Release_Debugger|x86.Build.0 = Release|Win32
		{77AD5B0B-9679-48EA-AF42-7E0EF88CC355}.Release|x64.ActiveCfg = Release|x64
		{77AD5B0B-9679-48EA-AF42-7E0EF88CC355}.Release|x64.Build.0 = Release|x64
		{77AD5B0B-9679-48EA-AF42-7E0EF88CC355}.Release|x86.ActiveCfg = Release|Win32
		{77AD5B0B-9679-48EA-AF42-7E0EF88CC355}.Release|x86.Build.0 = Release|Win32
		{77AD5B0B-9679-48EA-AF42-7E0EF88CC355}.UT|x64.ActiveCfg = Release|x64
		{77AD5B0B-9679-48EA-AF42-7E0EF88CC355}.UT|x64.Build.0 = Release|x64
		{77AD5B0B-9679-48EA-AF42-7E0EF88CC355}.UT|x86.ActiveCfg = Release|Win32
		{77AD5B0B-9679-48EA-AF42-7E0EF88CC355}.UT|x86.Build.0 = Release|Win32
		{77AD5B0B-9679-48EA-AF42-7E0EF88CC355}.x64UT|x64.ActiveCfg = Release|x64
		{77AD5B0B-9679-48EA-AF42-7E0EF88CC355}.x64UT|x64.Build.0 = Release|x64
		{77AD5B0B-9679-48EA-AF42-7E0EF88CC355}.x64UT|x86.ActiveCfg = Release|Win32
		{77AD5B0B-9679-48EA-AF42-7E0EF88CC355}.x64UT|x86.Build.0 = Release|Win32
		{77AD5B0B-9679-48EA-AF42-7E0EF88CC355}.x86UT|x64.ActiveCfg = Release|x64
		{77AD5B0B-9679-48EA-AF42-7E0EF88CC355}.x86UT|x64.Build.0 = Release|x64
		{77AD5B0B-9679-48EA-AF42-7E0EF88CC355}.x86UT|x86.ActiveCfg = Release|Win32
		{77AD5B0B-9679-48EA-AF42-7E0EF88CC355}.x86UT|x86.Build.0 = Release|Win32
		{CA852ACB-0BC8-4B48-A52A-FA48D332C361}.Debug_Debugger|x64.ActiveCfg = Debug_Debugger|x64
		{CA852ACB-0BC8-4B48-A52A-FA48D332C361}.Debug_Debugger|x64.Build.0 = Debug_Debugger|x64
		{CA852ACB-0BC8-4B48-A52A-FA48D332C361}.Debug_Debugger|x86.ActiveCfg = Debug_Debugger|Win32
		{CA852ACB-0BC8-4B48-A52A-FA48D332C361}.Debug_Debugger|x86.Build.0 = Debug_Debugger|Win32
		{CA852ACB-0BC8-4B48-A52A-FA48D332C361}.Debug|x64.ActiveCfg = Debug|x64
		{CA852ACB-0BC8-4B48-A52A-FA48D332C361}.Debug|x64.Build.0 = Debug|x64
		{CA852ACB-0BC8-4B48-A52A-FA48D332C361}.Debug|x86.ActiveCfg = Debug|Win32
		{CA852ACB-0BC8-4B48-A52A-FA48D332C361}.Debug|x86.Build.0 = Debug|Win32
		{CA852ACB-0BC8-4B48-A52A-FA48D332C361}.dummy|x64.ActiveCfg = Debug|x64
		{CA852ACB-0BC8-4B48-A52A-FA48D332C361}.dummy|x64.Build.0 = Debug|x64
		{CA852ACB-0BC8-4B48-A52A-FA48D332C361}.dummy|x86.ActiveCfg = Debug|Win32
		{CA852ACB-0BC8-4B48-A52A-FA48D332C361}.dummy|x86.Build.0 = Debug|Win32
		{CA852ACB-0BC8-4B48-A52A-FA48D332C361}.ForUT|x64.ActiveCfg = Release|x64
		{CA852ACB-0BC8-4B48-A52A-FA48D332C361}.ForUT|x64.Build.0 = Release|x64
		{CA852ACB-0BC8-4B48-A52A-FA48D332C361}.ForUT|x86.ActiveCfg = Release|Win32
		{CA852ACB-0BC8-4B48-A52A-FA48D332C361}.ForUT|x86.Build.0 = Release|Win32
		{CA852ACB-0BC8-4B48-A52A-FA48D332C361}.LIB ASM Debug MD|x64.ActiveCfg = Debug|x64
		{CA852ACB-0BC8-4B48-A52A-FA48D332C361}.LIB ASM Debug MD|x64.Build.0 = Debug|x64
		{CA852ACB-0BC8-4B48-A52A-FA48D332C361}.LIB ASM Debug MD|x86.ActiveCfg = Debug|Win32
		{CA852ACB-0BC8-4B48-A52A-FA48D332C361}.LIB ASM Debug MD|x86.Build.0 = Debug|Win32
		{CA852ACB-0BC8-4B48-A52A-FA48D332C361}.LIB ASM Debug|x64.ActiveCfg = Debug|x64
		{CA852ACB-0BC8-4B48-A52A-FA48D332C361}.LIB ASM Debug|x64.Build.0 = Debug|x64
		{CA852ACB-0BC8-4B48-A52A-FA48D332C361}.LIB ASM Debug|x86.ActiveCfg = Debug|Win32
		{CA852ACB-0BC8-4B48-A52A-FA48D332C361}.LIB ASM Debug|x86.Build.0 = Debug|Win32
		{CA852ACB-0BC8-4B48-A52A-FA48D332C361}.LIB ASM Release MD|x64.ActiveCfg = Release|x64
		{CA852ACB-0BC8-4B48-A52A-FA48D332C361}.LIB ASM Release MD|x64.Build.0 = Release|x64
		{CA852ACB-0BC8-4B48-A52A-FA48D332C361}.LIB ASM Release MD|x86.ActiveCfg = Release|Win32
		{CA852ACB-0BC8-4B48-A52A-FA48D332C361}.LIB ASM Release MD|x86.Build.0 = Release|Win32
		{CA852ACB-0BC8-4B48-A52A-FA48D332C361}.LIB ASM Release|x64.ActiveCfg = Release|x64
		{CA852ACB-0BC8-4B48-A52A-FA48D332C361}.LIB ASM Release|x64.Build.0 = Release|x64
		{CA852ACB-0BC8-4B48-A52A-FA48D332C361}.LIB ASM Release|x86.ActiveCfg = Release|Win32
		{CA852ACB-0BC8-4B48-A52A-FA48D332C361}.LIB ASM Release|x86.Build.0 = Release|Win32
		{CA852ACB-0BC8-4B48-A52A-FA48D332C361}.LIB Debug MD|x64.ActiveCfg = Debug|x64
		{CA852ACB-0BC8-4B48-A52A-FA48D332C361}.LIB Debug MD|x64.Build.0 = Debug|x64
		{CA852ACB-0BC8-4B48-A52A-FA48D332C361}.LIB Debug MD|x86.ActiveCfg = Debug|Win32
		{CA852ACB-0BC8-4B48-A52A-FA48D332C361}.LIB Debug MD|x86.Build.0 = Debug|Win32
		{CA852ACB-0BC8-4B48-A52A-FA48D332C361}.LIB Debug|x64.ActiveCfg = Debug|x64
		{CA852ACB-0BC8-4B48-A52A-FA48D332C361}.LIB Debug|x64.Build.0 = Debug|x64
		{CA852ACB-0BC8-4B48-A52A-FA48D332C361}.LIB Debug|x86.ActiveCfg = Debug|Win32
		{CA852ACB-0BC8-4B48-A52A-FA48D332C361}.LIB Debug|x86.Build.0 = Debug|Win32
		{CA852ACB-0BC8-4B48-A52A-FA48D332C361}.LIB Release MD|x64.ActiveCfg = Release|x64
		{CA852ACB-0BC8-4B48-A52A-FA48D332C361}.LIB Release MD|x64.Build.0 = Release|x64
		{CA852ACB-0BC8-4B48-A52A-FA48D332C361}.LIB Release MD|x86.ActiveCfg = Release|Win32
		{CA852ACB-0BC8-4B48-A52A-FA48D332C361}.LIB Release MD|x86.Build.0 = Release|Win32
		{CA852ACB-0BC8-4B48-A52A-FA48D332C361}.LIB Release|x64.ActiveCfg = Release|x64
		{CA852ACB-0BC8-4B48-A52A-FA48D332C361}.LIB Release|x64.Build.0 = Release|x64
		{CA852ACB-0BC8-4B48-A52A-FA48D332C361}.LIB Release|x86.ActiveCfg = Release|Win32
		{CA852ACB-0BC8-4B48-A52A-FA48D332C361}.LIB Release|x86.Build.0 = Release|Win32
		{CA852ACB-0BC8-4B48-A52A-FA48D332C361}.Release_Debugger|x64.ActiveCfg = Release_Debugger|x64
		{CA852ACB-0BC8-4B48-A52A-FA48D332C361}.Release_Debugger|x64.Build.0 = Release_Debugger|x64
		{CA852ACB-0BC8-4B48-A52A-FA48D332C361}.Release_Debugger|x86.ActiveCfg = Release_Debugger|Win32
		{CA852ACB-0BC8-4B48-A52A-FA48D332C361}.Release_Debugger|x86.Build.0 = Release_Debugger|Win32
		{CA852ACB-0BC8-4B48-A52A-FA48D332C361}.Release|x64.ActiveCfg = Release|x64
		{CA852ACB-0BC8-4B48-A52A-FA48D332C361}.Release|x64.Build.0 = Release|x64
		{CA852ACB-0BC8-4B48-A52A-FA48D332C361}.Release|x86.ActiveCfg = Release|Win32
		{CA852ACB-0BC8-4B48-A52A-FA48D332C361}.Release|x86.Build.0 = Release|Win32
		{CA852ACB-0BC8-4B48-A52A-FA48D332C361}.UT|x64.ActiveCfg = Release|x64
		{CA852ACB-0BC8-4B48-A52A-FA48D332C361}.UT|x64.Build.0 = Release|x64
		{CA852ACB-0BC8-4B48-A52A-FA48D332C361}.UT|x86.ActiveCfg = Release|Win32
		{CA852ACB-0BC8-4B48-A52A-FA48D332C361}.UT|x86.Build.0 = Release|Win32
		{CA852ACB-0BC8-4B48-A52A-FA48D332C361}.x64UT|x64.ActiveCfg = Release_Debugger|x64
		{CA852ACB-0BC8-4B48-A52A-FA48D332C361}.x64UT|x64.Build.0 = Release_Debugger|x64
		{CA852ACB-0BC8-4B48-A52A-FA48D332C361}.x64UT|x86.ActiveCfg = Release_Debugger|Win32
		{CA852ACB-0BC8-4B48-A52A-FA48D332C361}.x64UT|x86.Build.0 = Release_Debugger|Win32
		{CA852ACB-0BC8-4B48-A52A-FA48D332C361}.x86UT|x64.ActiveCfg = Release|x64
		{CA852ACB-0BC8-4B48-A52A-FA48D332C361}.x86UT|x64.Build.0 = Release|x64
		{CA852ACB-0BC8-4B48-A52A-FA48D332C361}.x86UT|x86.ActiveCfg = Release|Win32
		{CA852ACB-0BC8-4B48-A52A-FA48D332C361}.x86UT|x86.Build.0 = Release|Win32
		{EBF02425-81D1-4BEF-B477-A5BA162D1D93}.Debug_Debugger|x64.ActiveCfg = Debug|x64
		{EBF02425-81D1-4BEF-B477-A5BA162D1D93}.Debug_Debugger|x64.Build.0 = Debug|x64
		{EBF02425-81D1-4BEF-B477-A5BA162D1D93}.Debug_Debugger|x86.ActiveCfg = Debug|Win32
		{EBF02425-81D1-4BEF-B477-A5BA162D1D93}.Debug_Debugger|x86.Build.0 = Debug|Win32
		{EBF02425-81D1-4BEF-B477-A5BA162D1D93}.Debug|x64.ActiveCfg = Debug|x64
		{EBF02425-81D1-4BEF-B477-A5BA162D1D93}.Debug|x64.Build.0 = Debug|x64
		{EBF02425-81D1-4BEF-B477-A5BA162D1D93}.Debug|x86.ActiveCfg = Debug|Win32
		{EBF02425-81D1-4BEF-B477-A5BA162D1D93}.Debug|x86.Build.0 = Debug|Win32
		{EBF02425-81D1-4BEF-B477-A5BA162D1D93}.dummy|x64.ActiveCfg = Debug|x64
		{EBF02425-81D1-4BEF-B477-A5BA162D1D93}.dummy|x64.Build.0 = Debug|x64
		{EBF02425-81D1-4BEF-B477-A5BA162D1D93}.dummy|x86.ActiveCfg = Debug|Win32
		{EBF02425-81D1-4BEF-B477-A5BA162D1D93}.dummy|x86.Build.0 = Debug|Win32
		{EBF02425-81D1-4BEF-B477-A5BA162D1D93}.ForUT|x64.ActiveCfg = UT|x64
		{EBF02425-81D1-4BEF-B477-A5BA162D1D93}.ForUT|x64.Build.0 = UT|x64
		{EBF02425-81D1-4BEF-B477-A5BA162D1D93}.ForUT|x86.ActiveCfg = UT|Win32
		{EBF02425-81D1-4BEF-B477-A5BA162D1D93}.ForUT|x86.Build.0 = UT|Win32
		{EBF02425-81D1-4BEF-B477-A5BA162D1D93}.LIB ASM Debug MD|x64.ActiveCfg = Debug|x64
		{EBF02425-81D1-4BEF-B477-A5BA162D1D93}.LIB ASM Debug MD|x64.Build.0 = Debug|x64
		{EBF02425-81D1-4BEF-B477-A5BA162D1D93}.LIB ASM Debug MD|x86.ActiveCfg = Debug|Win32
		{EBF02425-81D1-4BEF-B477-A5BA162D1D93}.LIB ASM Debug MD|x86.Build.0 = Debug|Win32
		{EBF02425-81D1-4BEF-B477-A5BA162D1D93}.LIB ASM Debug|x64.ActiveCfg = Debug|x64
		{EBF02425-81D1-4BEF-B477-A5BA162D1D93}.LIB ASM Debug|x64.Build.0 = Debug|x64
		{EBF02425-81D1-4BEF-B477-A5BA162D1D93}.LIB ASM Debug|x86.ActiveCfg = Debug|Win32
		{EBF02425-81D1-4BEF-B477-A5BA162D1D93}.LIB ASM Debug|x86.Build.0 = Debug|Win32
		{EBF02425-81D1-4BEF-B477-A5BA162D1D93}.LIB ASM Release MD|x64.ActiveCfg = Release|x64
		{EBF02425-81D1-4BEF-B477-A5BA162D1D93}.LIB ASM Release MD|x64.Build.0 = Release|x64
		{EBF02425-81D1-4BEF-B477-A5BA162D1D93}.LIB ASM Release MD|x86.ActiveCfg = Release|Win32
		{EBF02425-81D1-4BEF-B477-A5BA162D1D93}.LIB ASM Release MD|x86.Build.0 = Release|Win32
		{EBF02425-81D1-4BEF-B477-A5BA162D1D93}.LIB ASM Release|x64.ActiveCfg = Release|x64
		{EBF02425-81D1-4BEF-B477-A5BA162D1D93}.LIB ASM Release|x64.Build.0 = Release|x64
		{EBF02425-81D1-4BEF-B477-A5BA162D1D93}.LIB ASM Release|x86.ActiveCfg = Release|Win32
		{EBF02425-81D1-4BEF-B477-A5BA162D1D93}.LIB ASM Release|x86.Build.0 = Release|Win32
		{EBF02425-81D1-4BEF-B477-A5BA162D1D93}.LIB Debug MD|x64.ActiveCfg = Debug|x64
		{EBF02425-81D1-4BEF-B477-A5BA162D1D93}.LIB Debug MD|x64.Build.0 = Debug|x64
		{EBF02425-81D1-4BEF-B477-A5BA162D1D93}.LIB Debug MD|x86.ActiveCfg = Debug|Win32
		{EBF02425-81D1-4BEF-B477-A5BA162D1D93}.LIB Debug MD|x86.Build.0 = Debug|Win32
		{EBF02425-81D1-4BEF-B477-A5BA162D1D93}.LIB Debug|x64.ActiveCfg = Debug|x64
		{EBF02425-81D1-4BEF-B477-A5BA162D1D93}.LIB Debug|x64.Build.0 = Debug|x64
		{EBF02425-81D1-4BEF-B477-A5BA162D1D93}.LIB Debug|x86.ActiveCfg = Debug|Win32
		{EBF02425-81D1-4BEF-B477-A5BA162D1D93}.LIB Debug|x86.Build.0 = Debug|Win32
		{EBF02425-81D1-4BEF-B477-A5BA162D1D93}.LIB Release MD|x64.ActiveCfg = Release|x64
		{EBF02425-81D1-4BEF-B477-A5BA162D1D93}.LIB Release MD|x64.Build.0 = Release|x64
		{EBF02425-81D1-4BEF-B477-A5BA162D1D93}.LIB Release MD|x86.ActiveCfg = Release|Win32
		{EBF02425-81D1-4BEF-B477-A5BA162D1D93}.LIB Release MD|x86.Build.0 = Release|Win32
		{EBF02425-81D1-4BEF-B477-A5BA162D1D93}.LIB Release|x64.ActiveCfg = Release|x64
		{EBF02425-81D1-4BEF-B477-A5BA162D1D93}.LIB Release|x64.Build.0 = Release|x64
		{EBF02425-81D1-4BEF-B477-A5BA162D1D93}.LIB Release|x86.ActiveCfg = Release|Win32
		{EBF02425-81D1-4BEF-B477-A5BA162D1D93}.LIB Release|x86.Build.0 = Release|Win32
		{EBF02425-81D1-4BEF-B477-A5BA162D1D93}.Release_Debugger|x64.ActiveCfg = Release|x64
		{EBF02425-81D1-4BEF-B477-A5BA162D1D93}.Release_Debugger|x64.Build.0 = Release|x64
		{EBF02425-81D1-4BEF-B477-A5BA162D1D93}.Release_Debugger|x86.ActiveCfg = Release|Win32
		{EBF02425-81D1-4BEF-B477-A5BA162D1D93}.Release_Debugger|x86.Build.0 = Release|Win32
		{EBF02425-81D1-4BEF-B477-A5BA162D1D93}.Release|x64.ActiveCfg = Release|x64
		{EBF02425-81D1-4BEF-B477-A5BA162D1D93}.Release|x64.Build.0 = Release|x64
		{EBF02425-81D1-4BEF-B477-A5BA162D1D93}.Release|x86.ActiveCfg = Release|Win32
		{EBF02425-81D1-4BEF-B477-A5BA162D1D93}.Release|x86.Build.0 = Release|Win32
		{EBF02425-81D1-4BEF-B477-A5BA162D1D93}.UT|x64.ActiveCfg = UT|x64
		{EBF02425-81D1-4BEF-B477-A5BA162D1D93}.UT|x64.Build.0 = UT|x64
		{EBF02425-81D1-4BEF-B477-A5BA162D1D93}.UT|x86.ActiveCfg = UT|Win32
		{EBF02425-81D1-4BEF-B477-A5BA162D1D93}.UT|x86.Build.0 = UT|Win32
		{EBF02425-81D1-4BEF-B477-A5BA162D1D93}.x64UT|x64.ActiveCfg = UT|x64
		{EBF02425-81D1-4BEF-B477-A5BA162D1D93}.x64UT|x64.Build.0 = UT|x64
		{EBF02425-81D1-4BEF-B477-A5BA162D1D93}.x64UT|x86.ActiveCfg = UT|Win32
		{EBF02425-81D1-4BEF-B477-A5BA162D1D93}.x64UT|x86.Build.0 = UT|Win32
		{EBF02425-81D1-4BEF-B477-A5BA162D1D93}.x86UT|x64.ActiveCfg = UT|x64
		{EBF02425-81D1-4BEF-B477-A5BA162D1D93}.x86UT|x64.Build.0 = UT|x64
		{EBF02425-81D1-4BEF-B477-A5BA162D1D93}.x86UT|x86.ActiveCfg = UT|Win32
		{EBF02425-81D1-4BEF-B477-A5BA162D1D93}.x86UT|x86.Build.0 = UT|Win32
		{FE510F19-4C32-4799-BE2F-61D3B663C202}.Debug_Debugger|x64.ActiveCfg = Debug|x64
		{FE510F19-4C32-4799-BE2F-61D3B663C202}.Debug_Debugger|x64.Build.0 = Debug|x64
		{FE510F19-4C32-4799-BE2F-61D3B663C202}.Debug_Debugger|x86.ActiveCfg = Debug|Win32
		{FE510F19-4C32-4799-BE2F-61D3B663C202}.Debug_Debugger|x86.Build.0 = Debug|Win32
		{FE510F19-4C32-4799-BE2F-61D3B663C202}.Debug|x64.ActiveCfg = Debug|x64
		{FE510F19-4C32-4799-BE2F-61D3B663C202}.Debug|x64.Build.0 = Debug|x64
		{FE510F19-4C32-4799-BE2F-61D3B663C202}.Debug|x86.ActiveCfg = Debug|Win32
		{FE510F19-4C32-4799-BE2F-61D3B663C202}.Debug|x86.Build.0 = Debug|Win32
		{FE510F19-4C32-4799-BE2F-61D3B663C202}.dummy|x64.ActiveCfg = Debug|x64
		{FE510F19-4C32-4799-BE2F-61D3B663C202}.dummy|x64.Build.0 = Debug|x64
		{FE510F19-4C32-4799-BE2F-61D3B663C202}.dummy|x86.ActiveCfg = Debug|Win32
		{FE510F19-4C32-4799-BE2F-61D3B663C202}.dummy|x86.Build.0 = Debug|Win32
		{FE510F19-4C32-4799-BE2F-61D3B663C202}.ForUT|x64.ActiveCfg = Release|x64
		{FE510F19-4C32-4799-BE2F-61D3B663C202}.ForUT|x64.Build.0 = Release|x64
		{FE510F19-4C32-4799-BE2F-61D3B663C202}.ForUT|x86.ActiveCfg = Release|Win32
		{FE510F19-4C32-4799-BE2F-61D3B663C202}.ForUT|x86.Build.0 = Release|Win32
		{FE510F19-4C32-4799-BE2F-61D3B663C202}.LIB ASM Debug MD|x64.ActiveCfg = Debug|x64
		{FE510F19-4C32-4799-BE2F-61D3B663C202}.LIB ASM Debug MD|x64.Build.0 = Debug|x64
		{FE510F19-4C32-4799-BE2F-61D3B663C202}.LIB ASM Debug MD|x86.ActiveCfg = Debug|Win32
		{FE510F19-4C32-4799-BE2F-61D3B663C202}.LIB ASM Debug MD|x86.Build.0 = Debug|Win32
		{FE510F19-4C32-4799-BE2F-61D3B663C202}.LIB ASM Debug|x64.ActiveCfg = Debug|x64
		{FE510F19-4C32-4799-BE2F-61D3B663C202}.LIB ASM Debug|x64.Build.0 = Debug|x64
		{FE510F19-4C32-4799-BE2F-61D3B663C202}.LIB ASM Debug|x86.ActiveCfg = Debug|Win32
		{FE510F19-4C32-4799-BE2F-61D3B663C202}.LIB ASM Debug|x86.Build.0 = Debug|Win32
		{FE510F19-4C32-4799-BE2F-61D3B663C202}.LIB ASM Release MD|x64.ActiveCfg = Release|x64
		{FE510F19-4C32-4799-BE2F-61D3B663C202}.LIB ASM Release MD|x64.Build.0 = Release|x64
		{FE510F19-4C32-4799-BE2F-61D3B663C202}.LIB ASM Release MD|x86.ActiveCfg = Release|Win32
		{FE510F19-4C32-4799-BE2F-61D3B663C202}.LIB ASM Release MD|x86.Build.0 = Release|Win32
		{FE510F19-4C32-4799-BE2F-61D3B663C202}.LIB ASM Release|x64.ActiveCfg = Release|x64
		{FE510F19-4C32-4799-BE2F-61D3B663C202}.LIB ASM Release|x64.Build.0 = Release|x64
		{FE510F19-4C32-4799-BE2F-61D3B663C202}.LIB ASM Release|x86.ActiveCfg = Release|Win32
		{FE510F19-4C32-4799-BE2F-61D3B663C202}.LIB ASM Release|x86.Build.0 = Release|Win32
		{FE510F19-4C32-4799-BE2F-61D3B663C202}.LIB Debug MD|x64.ActiveCfg = Debug|x64
		{FE510F19-4C32-4799-BE2F-61D3B663C202}.LIB Debug MD|x64.Build.0 = Debug|x64
		{FE510F19-4C32-4799-BE2F-61D3B663C202}.LIB Debug MD|x86.ActiveCfg = Debug|Win32
		{FE510F19-4C32-4799-BE2F-61D3B663C202}.LIB Debug MD|x86.Build.0 = Debug|Win32
		{FE510F19-4C32-4799-BE2F-61D3B663C202}.LIB Debug|x64.ActiveCfg = Debug|x64
		{FE510F19-4C32-4799-BE2F-61D3B663C202}.LIB Debug|x64.Build.0 = Debug|x64
		{FE510F19-4C32-4799-BE2F-61D3B663C202}.LIB Debug|x86.ActiveCfg = Debug|Win32
		{FE510F19-4C32-4799-BE2F-61D3B663C202}.LIB Debug|x86.Build.0 = Debug|Win32
		{FE510F19-4C32-4799-BE2F-61D3B663C202}.LIB Release MD|x64.ActiveCfg = Release|x64
		{FE510F19-4C32-4799-BE2F-61D3B663C202}.LIB Release MD|x64.Build.0 = Release|x64
		{FE510F19-4C32-4799-BE2F-61D3B663C202}.LIB Release MD|x86.ActiveCfg = Release|Win32
		{FE510F19-4C32-4799-BE2F-61D3B663C202}.LIB Release MD|x86.Build.0 = Release|Win32
		{FE510F19-4C32-4799-BE2F-61D3B663C202}.LIB Release|x64.ActiveCfg = Release|x64
		{FE510F19-4C32-4799-BE2F-61D3B663C202}.LIB Release|x64.Build.0 = Release|x64
		{FE510F19-4C32-4799-BE2F-61D3B663C202}.LIB Release|x86.ActiveCfg = Release|Win32
		{FE510F19-4C32-4799-BE2F-61D3B663C202}.LIB Release|x86.Build.0 = Release|Win32
		{FE510F19-4C32-4799-BE2F-61D3B663C202}.Release_Debugger|x64.ActiveCfg = Release|x64
		{FE510F19-4C32-4799-BE2F-61D3B663C202}.Release_Debugger|x64.Build.0 = Release|x64
		{FE510F19-4C32-4799-BE2F-61D3B663C202}.Release_Debugger|x86.ActiveCfg = Release|Win32
		{FE510F19-4C32-4799-BE2F-61D3B663C202}.Release_Debugger|x86.Build.0 = Release|Win32
		{FE510F19-4C32-4799-BE2F-61D3B663C202}.Release|x64.ActiveCfg = Release|x64
		{FE510F19-4C32-4799-BE2F-61D3B663C202}.Release|x64.Build.0 = Release|x64
		{FE510F19-4C32-4799-BE2F-61D3B663C202}.Release|x86.ActiveCfg = Release|Win32
		{FE510F19-4C32-4799-BE2F-61D3B663C202}.Release|x86.Build.0 = Release|Win32
		{FE510F19-4C32-4799-BE2F-61D3B663C202}.UT|x64.ActiveCfg = Release|x64
		{FE510F19-4C32-4799-BE2F-61D3B663C202}.UT|x64.Build.0 = Release|x64
		{FE510F19-4C32-4799-BE2F-61D3B663C202}.UT|x86.ActiveCfg = Release|Win32
		{FE510F19-4C32-4799-BE2F-61D3B663C202}.UT|x86.Build.0 = Release|Win32
		{FE510F19-4C32-4799-BE2F-61D3B663C202}.x64UT|x64.ActiveCfg = Release|x64
		{FE510F19-4C32-4799-BE2F-61D3B663C202}.x64UT|x64.Build.0 = Release|x64
		{FE510F19-4C32-4799-BE2F-61D3B663C202}.x64UT|x86.ActiveCfg = Release|Win32
		{FE510F19-4C32-4799-BE2F-61D3B663C202}.x64UT|x86.Build.0 = Release|Win32
		{FE510F19-4C32-4799-BE2F-61D3B663C202}.x86UT|x64.ActiveCfg = Release|x64
		{FE510F19-4C32-4799-BE2F-61D3B663C202}.x86UT|x64.Build.0 = Release|x64
		{FE510F19-4C32-4799-BE2F-61D3B663C202}.x86UT|x86.ActiveCfg = Release|Win32
		{FE510F19-4C32-4799-BE2F-61D3B663C202}.x86UT|x86.Build.0 = Release|Win32
		{CEACDECD-E363-44AE-AEF0-8017475A3302}.Debug_Debugger|x64.ActiveCfg = LIB Release|x64
		{CEACDECD-E363-44AE-AEF0-8017475A3302}.Debug_Debugger|x64.Build.0 = LIB Release|x64
		{CEACDECD-E363-44AE-AEF0-8017475A3302}.Debug_Debugger|x86.ActiveCfg = LIB Release|Win32
		{CEACDECD-E363-44AE-AEF0-8017475A3302}.Debug_Debugger|x86.Build.0 = LIB Release|Win32
		{CEACDECD-E363-44AE-AEF0-8017475A3302}.Debug|x64.ActiveCfg = LIB Debug|x64
		{CEACDECD-E363-44AE-AEF0-8017475A3302}.Debug|x64.Build.0 = LIB Debug|x64
		{CEACDECD-E363-44AE-AEF0-8017475A3302}.Debug|x86.ActiveCfg = LIB Debug|Win32
		{CEACDECD-E363-44AE-AEF0-8017475A3302}.Debug|x86.Build.0 = LIB Debug|Win32
		{CEACDECD-E363-44AE-AEF0-8017475A3302}.dummy|x64.ActiveCfg = x86UT|x64
		{CEACDECD-E363-44AE-AEF0-8017475A3302}.dummy|x64.Build.0 = x86UT|x64
		{CEACDECD-E363-44AE-AEF0-8017475A3302}.dummy|x86.ActiveCfg = x86UT|Win32
		{CEACDECD-E363-44AE-AEF0-8017475A3302}.dummy|x86.Build.0 = x86UT|Win32
		{CEACDECD-E363-44AE-AEF0-8017475A3302}.ForUT|x64.ActiveCfg = ForUT|x64
		{CEACDECD-E363-44AE-AEF0-8017475A3302}.ForUT|x64.Build.0 = ForUT|x64
		{CEACDECD-E363-44AE-AEF0-8017475A3302}.ForUT|x86.ActiveCfg = ForUT|Win32
		{CEACDECD-E363-44AE-AEF0-8017475A3302}.ForUT|x86.Build.0 = ForUT|Win32
		{CEACDECD-E363-44AE-AEF0-8017475A3302}.LIB ASM Debug MD|x64.ActiveCfg = LIB ASM Debug MD|x64
		{CEACDECD-E363-44AE-AEF0-8017475A3302}.LIB ASM Debug MD|x64.Build.0 = LIB ASM Debug MD|x64
		{CEACDECD-E363-44AE-AEF0-8017475A3302}.LIB ASM Debug MD|x86.ActiveCfg = LIB ASM Debug MD|Win32
		{CEACDECD-E363-44AE-AEF0-8017475A3302}.LIB ASM Debug MD|x86.Build.0 = LIB ASM Debug MD|Win32
		{CEACDECD-E363-44AE-AEF0-8017475A3302}.LIB ASM Debug|x64.ActiveCfg = LIB ASM Debug|x64
		{CEACDECD-E363-44AE-AEF0-8017475A3302}.LIB ASM Debug|x64.Build.0 = LIB ASM Debug|x64
		{CEACDECD-E363-44AE-AEF0-8017475A3302}.LIB ASM Debug|x86.ActiveCfg = LIB ASM Debug|Win32
		{CEACDECD-E363-44AE-AEF0-8017475A3302}.LIB ASM Debug|x86.Build.0 = LIB ASM Debug|Win32
		{CEACDECD-E363-44AE-AEF0-8017475A3302}.LIB ASM Release MD|x64.ActiveCfg = LIB ASM Release MD|x64
		{CEACDECD-E363-44AE-AEF0-8017475A3302}.LIB ASM Release MD|x64.Build.0 = LIB ASM Release MD|x64
		{CEACDECD-E363-44AE-AEF0-8017475A3302}.LIB ASM Release MD|x86.ActiveCfg = LIB ASM Release MD|Win32
		{CEACDECD-E363-44AE-AEF0-8017475A3302}.LIB ASM Release MD|x86.Build.0 = LIB ASM Release MD|Win32
		{CEACDECD-E363-44AE-AEF0-8017475A3302}.LIB ASM Release|x64.ActiveCfg = LIB ASM Release|x64
		{CEACDECD-E363-44AE-AEF0-8017475A3302}.LIB ASM Release|x64.Build.0 = LIB ASM Release|x64
		{CEACDECD-E363-44AE-AEF0-8017475A3302}.LIB ASM Release|x86.ActiveCfg = LIB ASM Release|Win32
		{CEACDECD-E363-44AE-AEF0-8017475A3302}.LIB ASM Release|x86.Build.0 = LIB ASM Release|Win32
		{CEACDECD-E363-44AE-AEF0-8017475A3302}.LIB Debug MD|x64.ActiveCfg = LIB Debug MD|x64
		{CEACDECD-E363-44AE-AEF0-8017475A3302}.LIB Debug MD|x64.Build.0 = LIB Debug MD|x64
		{CEACDECD-E363-44AE-AEF0-8017475A3302}.LIB Debug MD|x86.ActiveCfg = LIB Debug MD|Win32
		{CEACDECD-E363-44AE-AEF0-8017475A3302}.LIB Debug MD|x86.Build.0 = LIB Debug MD|Win32
		{CEACDECD-E363-44AE-AEF0-8017475A3302}.LIB Debug|x64.ActiveCfg = LIB Debug|x64
		{CEACDECD-E363-44AE-AEF0-8017475A3302}.LIB Debug|x64.Build.0 = LIB Debug|x64
		{CEACDECD-E363-44AE-AEF0-8017475A3302}.LIB Debug|x86.ActiveCfg = LIB Debug|Win32
		{CEACDECD-E363-44AE-AEF0-8017475A3302}.LIB Debug|x86.Build.0 = LIB Debug|Win32
		{CEACDECD-E363-44AE-AEF0-8017475A3302}.LIB Release MD|x64.ActiveCfg = LIB Release MD|x64
		{CEACDECD-E363-44AE-AEF0-8017475A3302}.LIB Release MD|x64.Build.0 = LIB Release MD|x64
		{CEACDECD-E363-44AE-AEF0-8017475A3302}.LIB Release MD|x86.ActiveCfg = LIB Release MD|Win32
		{CEACDECD-E363-44AE-AEF0-8017475A3302}.LIB Release MD|x86.Build.0 = LIB Release MD|Win32
		{CEACDECD-E363-44AE-AEF0-8017475A3302}.LIB Release|x64.ActiveCfg = LIB Release|x64
		{CEACDECD-E363-44AE-AEF0-8017475A3302}.LIB Release|x64.Build.0 = LIB Release|x64
		{CEACDECD-E363-44AE-AEF0-8017475A3302}.LIB Release|x86.ActiveCfg = LIB Release|Win32
		{CEACDECD-E363-44AE-AEF0-8017475A3302}.LIB Release|x86.Build.0 = LIB Release|Win32
		{CEACDECD-E363-44AE-AEF0-8017475A3302}.Release_Debugger|x64.ActiveCfg = LIB Release|x64
		{CEACDECD-E363-44AE-AEF0-8017475A3302}.Release_Debugger|x64.Build.0 = LIB Release|x64
		{CEACDECD-E363-44AE-AEF0-8017475A3302}.Release_Debugger|x86.ActiveCfg = LIB Release|Win32
		{CEACDECD-E363-44AE-AEF0-8017475A3302}.Release_Debugger|x86.Build.0 = LIB Release|Win32
		{CEACDECD-E363-44AE-AEF0-8017475A3302}.Release|x64.ActiveCfg = LIB Release|x64
		{CEACDECD-E363-44AE-AEF0-8017475A3302}.Release|x64.Build.0 = LIB Release|x64
		{CEACDECD-E363-44AE-AEF0-8017475A3302}.Release|x86.ActiveCfg = LIB Release|Win32
		{CEACDECD-E363-44AE-AEF0-8017475A3302}.Release|x86.Build.0 = LIB Release|Win32
		{CEACDECD-E363-44AE-AEF0-8017475A3302}.UT|x64.ActiveCfg = UT|x64
		{CEACDECD-E363-44AE-AEF0-8017475A3302}.UT|x64.Build.0 = UT|x64
		{CEACDECD-E363-44AE-AEF0-8017475A3302}.UT|x86.ActiveCfg = UT|Win32
		{CEACDECD-E363-44AE-AEF0-8017475A3302}.UT|x86.Build.0 = UT|Win32
		{CEACDECD-E363-44AE-AEF0-8017475A3302}.x64UT|x64.ActiveCfg = UT|x64
		{CEACDECD-E363-44AE-AEF0-8017475A3302}.x64UT|x64.Build.0 = UT|x64
		{CEACDECD-E363-44AE-AEF0-8017475A3302}.x64UT|x86.ActiveCfg = UT|Win32
		{CEACDECD-E363-44AE-AEF0-8017475A3302}.x64UT|x86.Build.0 = UT|Win32
		{CEACDECD-E363-44AE-AEF0-8017475A3302}.x86UT|x64.ActiveCfg = x86UT|x64
		{CEACDECD-E363-44AE-AEF0-8017475A3302}.x86UT|x64.Build.0 = x86UT|x64
		{CEACDECD-E363-44AE-AEF0-8017475A3302}.x86UT|x86.ActiveCfg = x86UT|Win32
		{CEACDECD-E363-44AE-AEF0-8017475A3302}.x86UT|x86.Build.0 = x86UT|Win32
		{8CDE0E2D-D1FA-4E85-94E3-A1E92B1800AB}.Debug_Debugger|x64.ActiveCfg = Debug|x64
		{8CDE0E2D-D1FA-4E85-94E3-A1E92B1800AB}.Debug_Debugger|x64.Build.0 = Debug|x64
		{8CDE0E2D-D1FA-4E85-94E3-A1E92B1800AB}.Debug_Debugger|x86.ActiveCfg = Debug|Win32
		{8CDE0E2D-D1FA-4E85-94E3-A1E92B1800AB}.Debug_Debugger|x86.Build.0 = Debug|Win32
		{8CDE0E2D-D1FA-4E85-94E3-A1E92B1800AB}.Debug|x64.ActiveCfg = Debug|x64
		{8CDE0E2D-D1FA-4E85-94E3-A1E92B1800AB}.Debug|x64.Build.0 = Debug|x64
		{8CDE0E2D-D1FA-4E85-94E3-A1E92B1800AB}.Debug|x86.ActiveCfg = Debug|Win32
		{8CDE0E2D-D1FA-4E85-94E3-A1E92B1800AB}.Debug|x86.Build.0 = Debug|Win32
		{8CDE0E2D-D1FA-4E85-94E3-A1E92B1800AB}.dummy|x64.ActiveCfg = Debug|x64
		{8CDE0E2D-D1FA-4E85-94E3-A1E92B1800AB}.dummy|x64.Build.0 = Debug|x64
		{8CDE0E2D-D1FA-4E85-94E3-A1E92B1800AB}.dummy|x86.ActiveCfg = Debug|Win32
		{8CDE0E2D-D1FA-4E85-94E3-A1E92B1800AB}.dummy|x86.Build.0 = Debug|Win32
		{8CDE0E2D-D1FA-4E85-94E3-A1E92B1800AB}.ForUT|x64.ActiveCfg = UT|x64
		{8CDE0E2D-D1FA-4E85-94E3-A1E92B1800AB}.ForUT|x64.Build.0 = UT|x64
		{8CDE0E2D-D1FA-4E85-94E3-A1E92B1800AB}.ForUT|x86.ActiveCfg = UT|Win32
		{8CDE0E2D-D1FA-4E85-94E3-A1E92B1800AB}.ForUT|x86.Build.0 = UT|Win32
		{8CDE0E2D-D1FA-4E85-94E3-A1E92B1800AB}.LIB ASM Debug MD|x64.ActiveCfg = Debug|x64
		{8CDE0E2D-D1FA-4E85-94E3-A1E92B1800AB}.LIB ASM Debug MD|x64.Build.0 = Debug|x64
		{8CDE0E2D-D1FA-4E85-94E3-A1E92B1800AB}.LIB ASM Debug MD|x86.ActiveCfg = Debug|Win32
		{8CDE0E2D-D1FA-4E85-94E3-A1E92B1800AB}.LIB ASM Debug MD|x86.Build.0 = Debug|Win32
		{8CDE0E2D-D1FA-4E85-94E3-A1E92B1800AB}.LIB ASM Debug|x64.ActiveCfg = Debug|x64
		{8CDE0E2D-D1FA-4E85-94E3-A1E92B1800AB}.LIB ASM Debug|x64.Build.0 = Debug|x64
		{8CDE0E2D-D1FA-4E85-94E3-A1E92B1800AB}.LIB ASM Debug|x86.ActiveCfg = Debug|Win32
		{8CDE0E2D-D1FA-4E85-94E3-A1E92B1800AB}.LIB ASM Debug|x86.Build.0 = Debug|Win32
		{8CDE0E2D-D1FA-4E85-94E3-A1E92B1800AB}.LIB ASM Release MD|x64.ActiveCfg = Release|x64
		{8CDE0E2D-D1FA-4E85-94E3-A1E92B1800AB}.LIB ASM Release MD|x64.Build.0 = Release|x64
		{8CDE0E2D-D1FA-4E85-94E3-A1E92B1800AB}.LIB ASM Release MD|x86.ActiveCfg = Release|Win32
		{8CDE0E2D-D1FA-4E85-94E3-A1E92B1800AB}.LIB ASM Release MD|x86.Build.0 = Release|Win32
		{8CDE0E2D-D1FA-4E85-94E3-A1E92B1800AB}.LIB ASM Release|x64.ActiveCfg = Release|x64
		{8CDE0E2D-D1FA-4E85-94E3-A1E92B1800AB}.LIB ASM Release|x64.Build.0 = Release|x64
		{8CDE0E2D-D1FA-4E85-94E3-A1E92B1800AB}.LIB ASM Release|x86.ActiveCfg = Release|Win32
		{8CDE0E2D-D1FA-4E85-94E3-A1E92B1800AB}.LIB ASM Release|x86.Build.0 = Release|Win32
		{8CDE0E2D-D1FA-4E85-94E3-A1E92B1800AB}.LIB Debug MD|x64.ActiveCfg = Debug|x64
		{8CDE0E2D-D1FA-4E85-94E3-A1E92B1800AB}.LIB Debug MD|x64.Build.0 = Debug|x64
		{8CDE0E2D-D1FA-4E85-94E3-A1E92B1800AB}.LIB Debug MD|x86.ActiveCfg = Debug|Win32
		{8CDE0E2D-D1FA-4E85-94E3-A1E92B1800AB}.LIB Debug MD|x86.Build.0 = Debug|Win32
		{8CDE0E2D-D1FA-4E85-94E3-A1E92B1800AB}.LIB Debug|x64.ActiveCfg = Debug|x64
		{8CDE0E2D-D1FA-4E85-94E3-A1E92B1800AB}.LIB Debug|x64.Build.0 = Debug|x64
		{8CDE0E2D-D1FA-4E85-94E3-A1E92B1800AB}.LIB Debug|x86.ActiveCfg = Debug|Win32
		{8CDE0E2D-D1FA-4E85-94E3-A1E92B1800AB}.LIB Debug|x86.Build.0 = Debug|Win32
		{8CDE0E2D-D1FA-4E85-94E3-A1E92B1800AB}.LIB Release MD|x64.ActiveCfg = Release|x64
		{8CDE0E2D-D1FA-4E85-94E3-A1E92B1800AB}.LIB Release MD|x64.Build.0 = Release|x64
		{8CDE0E2D-D1FA-4E85-94E3-A1E92B1800AB}.LIB Release MD|x86.ActiveCfg = Release|Win32
		{8CDE0E2D-D1FA-4E85-94E3-A1E92B1800AB}.LIB Release MD|x86.Build.0 = Release|Win32
		{8CDE0E2D-D1FA-4E85-94E3-A1E92B1800AB}.LIB Release|x64.ActiveCfg = Release|x64
		{8CDE0E2D-D1FA-4E85-94E3-A1E92B1800AB}.LIB Release|x64.Build.0 = Release|x64
		{8CDE0E2D-D1FA-4E85-94E3-A1E92B1800AB}.LIB Release|x86.ActiveCfg = Release|Win32
		{8CDE0E2D-D1FA-4E85-94E3-A1E92B1800AB}.LIB Release|x86.Build.0 = Release|Win32
		{8CDE0E2D-D1FA-4E85-94E3-A1E92B1800AB}.Release_Debugger|x64.ActiveCfg = Release|x64
		{8CDE0E2D-D1FA-4E85-94E3-A1E92B1800AB}.Release_Debugger|x64.Build.0 = Release|x64
		{8CDE0E2D-D1FA-4E85-94E3-A1E92B1800AB}.Release_Debugger|x86.ActiveCfg = Release|Win32
		{8CDE0E2D-D1FA-4E85-94E3-A1E92B1800AB}.Release_Debugger|x86.Build.0 = Release|Win32
		{8CDE0E2D-D1FA-4E85-94E3-A1E92B1800AB}.Release|x64.ActiveCfg = Release|x64
		{8CDE0E2D-D1FA-4E85-94E3-A1E92B1800AB}.Release|x64.Build.0 = Release|x64
		{8CDE0E2D-D1FA-4E85-94E3-A1E92B1800AB}.Release|x86.ActiveCfg = Release|Win32
		{8CDE0E2D-D1FA-4E85-94E3-A1E92B1800AB}.Release|x86.Build.0 = Release|Win32
		{8CDE0E2D-D1FA-4E85-94E3-A1E92B1800AB}.UT|x64.ActiveCfg = UT|x64
		{8CDE0E2D-D1FA-4E85-94E3-A1E92B1800AB}.UT|x64.Build.0 = UT|x64
		{8CDE0E2D-D1FA-4E85-94E3-A1E92B1800AB}.UT|x86.ActiveCfg = UT|Win32
		{8CDE0E2D-D1FA-4E85-94E3-A1E92B1800AB}.UT|x86.Build.0 = UT|Win32
		{8CDE0E2D-D1FA-4E85-94E3-A1E92B1800AB}.x64UT|x64.ActiveCfg = x64UT|x64
		{8CDE0E2D-D1FA-4E85-94E3-A1E92B1800AB}.x64UT|x64.Build.0 = x64UT|x64
		{8CDE0E2D-D1FA-4E85-94E3-A1E92B1800AB}.x64UT|x86.ActiveCfg = x64UT|Win32
		{8CDE0E2D-D1FA-4E85-94E3-A1E92B1800AB}.x64UT|x86.Build.0 = x64UT|Win32
		{8CDE0E2D-D1FA-4E85-94E3-A1E92B1800AB}.x86UT|x64.ActiveCfg = UT|x64
		{8CDE0E2D-D1FA-4E85-94E3-A1E92B1800AB}.x86UT|x64.Build.0 = UT|x64
		{8CDE0E2D-D1FA-4E85-94E3-A1E92B1800AB}.x86UT|x86.ActiveCfg = UT|Win32
		{8CDE0E2D-D1FA-4E85-94E3-A1E92B1800AB}.x86UT|x86.Build.0 = UT|Win32
		{20CFD720-4BFB-443F-AFAD-5E079BB72C5D}.Debug_Debugger|x64.ActiveCfg = Debug|x64
		{20CFD720-4BFB-443F-AFAD-5E079BB72C5D}.Debug_Debugger|x64.Build.0 = Debug|x64
		{20CFD720-4BFB-443F-AFAD-5E079BB72C5D}.Debug_Debugger|x86.ActiveCfg = Debug|Win32
		{20CFD720-4BFB-443F-AFAD-5E079BB72C5D}.Debug_Debugger|x86.Build.0 = Debug|Win32
		{20CFD720-4BFB-443F-AFAD-5E079BB72C5D}.Debug|x64.ActiveCfg = Debug|x64
		{20CFD720-4BFB-443F-AFAD-5E079BB72C5D}.Debug|x64.Build.0 = Debug|x64
		{20CFD720-4BFB-443F-AFAD-5E079BB72C5D}.Debug|x86.ActiveCfg = Debug|Win32
		{20CFD720-4BFB-443F-AFAD-5E079BB72C5D}.Debug|x86.Build.0 = Debug|Win32
		{20CFD720-4BFB-443F-AFAD-5E079BB72C5D}.dummy|x64.ActiveCfg = Debug|x64
		{20CFD720-4BFB-443F-AFAD-5E079BB72C5D}.dummy|x64.Build.0 = Debug|x64
		{20CFD720-4BFB-443F-AFAD-5E079BB72C5D}.dummy|x86.ActiveCfg = Debug|Win32
		{20CFD720-4BFB-443F-AFAD-5E079BB72C5D}.dummy|x86.Build.0 = Debug|Win32
		{20CFD720-4BFB-443F-AFAD-5E079BB72C5D}.ForUT|x64.ActiveCfg = Release|x64
		{20CFD720-4BFB-443F-AFAD-5E079BB72C5D}.ForUT|x64.Build.0 = Release|x64
		{20CFD720-4BFB-443F-AFAD-5E079BB72C5D}.ForUT|x86.ActiveCfg = Release|Win32
		{20CFD720-4BFB-443F-AFAD-5E079BB72C5D}.ForUT|x86.Build.0 = Release|Win32
		{20CFD720-4BFB-443F-AFAD-5E079BB72C5D}.LIB ASM Debug MD|x64.ActiveCfg = Debug|x64
		{20CFD720-4BFB-443F-AFAD-5E079BB72C5D}.LIB ASM Debug MD|x64.Build.0 = Debug|x64
		{20CFD720-4BFB-443F-AFAD-5E079BB72C5D}.LIB ASM Debug MD|x86.ActiveCfg = Debug|Win32
		{20CFD720-4BFB-443F-AFAD-5E079BB72C5D}.LIB ASM Debug MD|x86.Build.0 = Debug|Win32
		{20CFD720-4BFB-443F-AFAD-5E079BB72C5D}.LIB ASM Debug|x64.ActiveCfg = Debug|x64
		{20CFD720-4BFB-443F-AFAD-5E079BB72C5D}.LIB ASM Debug|x64.Build.0 = Debug|x64
		{20CFD720-4BFB-443F-AFAD-5E079BB72C5D}.LIB ASM Debug|x86.ActiveCfg = Debug|Win32
		{20CFD720-4BFB-443F-AFAD-5E079BB72C5D}.LIB ASM Debug|x86.Build.0 = Debug|Win32
		{20CFD720-4BFB-443F-AFAD-5E079BB72C5D}.LIB ASM Release MD|x64.ActiveCfg = Release|x64
		{20CFD720-4BFB-443F-AFAD-5E079BB72C5D}.LIB ASM Release MD|x64.Build.0 = Release|x64
		{20CFD720-4BFB-443F-AFAD-5E079BB72C5D}.LIB ASM Release MD|x86.ActiveCfg = Release|Win32
		{20CFD720-4BFB-443F-AFAD-5E079BB72C5D}.LIB ASM Release MD|x86.Build.0 = Release|Win32
		{20CFD720-4BFB-443F-AFAD-5E079BB72C5D}.LIB ASM Release|x64.ActiveCfg = Release|x64
		{20CFD720-4BFB-443F-AFAD-5E079BB72C5D}.LIB ASM Release|x64.Build.0 = Release|x64
		{20CFD720-4BFB-443F-AFAD-5E079BB72C5D}.LIB ASM Release|x86.ActiveCfg = Release|Win32
		{20CFD720-4BFB-443F-AFAD-5E079BB72C5D}.LIB ASM Release|x86.Build.0 = Release|Win32
		{20CFD720-4BFB-443F-AFAD-5E079BB72C5D}.LIB Debug MD|x64.ActiveCfg = Debug|x64
		{20CFD720-4BFB-443F-AFAD-5E079BB72C5D}.LIB Debug MD|x64.Build.0 = Debug|x64
		{20CFD720-4BFB-443F-AFAD-5E079BB72C5D}.LIB Debug MD|x86.ActiveCfg = Debug|Win32
		{20CFD720-4BFB-443F-AFAD-5E079BB72C5D}.LIB Debug MD|x86.Build.0 = Debug|Win32
		{20CFD720-4BFB-443F-AFAD-5E079BB72C5D}.LIB Debug|x64.ActiveCfg = Debug|x64
		{20CFD720-4BFB-443F-AFAD-5E079BB72C5D}.LIB Debug|x64.Build.0 = Debug|x64
		{20CFD720-4BFB-443F-AFAD-5E079BB72C5D}.LIB Debug|x86.ActiveCfg = Debug|Win32
		{20CFD720-4BFB-443F-AFAD-5E079BB72C5D}.LIB Debug|x86.Build.0 = Debug|Win32
		{20CFD720-4BFB-443F-AFAD-5E079BB72C5D}.LIB Release MD|x64.ActiveCfg = Release|x64
		{20CFD720-4BFB-443F-AFAD-5E079BB72C5D}.LIB Release MD|x64.Build.0 = Release|x64
		{20CFD720-4BFB-443F-AFAD-5E079BB72C5D}.LIB Release MD|x86.ActiveCfg = Release|Win32
		{20CFD720-4BFB-443F-AFAD-5E079BB72C5D}.LIB Release MD|x86.Build.0 = Release|Win32
		{20CFD720-4BFB-443F-AFAD-5E079BB72C5D}.LIB Release|x64.ActiveCfg = Release|x64
		{20CFD720-4BFB-443F-AFAD-5E079BB72C5D}.LIB Release|x64.Build.0 = Release|x64
		{20CFD720-4BFB-443F-AFAD-5E079BB72C5D}.LIB Release|x86.ActiveCfg = Release|Win32
		{20CFD720-4BFB-443F-AFAD-5E079BB72C5D}.LIB Release|x86.Build.0 = Release|Win32
		{20CFD720-4BFB-443F-AFAD-5E079BB72C5D}.Release_Debugger|x64.ActiveCfg = Release|x64
		{20CFD720-4BFB-443F-AFAD-5E079BB72C5D}.Release_Debugger|x64.Build.0 = Release|x64
		{20CFD720-4BFB-443F-AFAD-5E079BB72C5D}.Release_Debugger|x86.ActiveCfg = Release|Win32
		{20CFD720-4BFB-443F-AFAD-5E079BB72C5D}.Release_Debugger|x86.Build.0 = Release|Win32
		{20CFD720-4BFB-443F-AFAD-5E079BB72C5D}.Release|x64.ActiveCfg = Release|x64
		{20CFD720-4BFB-443F-AFAD-5E079BB72C5D}.Release|x64.Build.0 = Release|x64
		{20CFD720-4BFB-443F-AFAD-5E079BB72C5D}.Release|x86.ActiveCfg = Release|Win32
		{20CFD720-4BFB-443F-AFAD-5E079BB72C5D}.Release|x86.Build.0 = Release|Win32
		{20CFD720-4BFB-443F-AFAD-5E079BB72C5D}.UT|x64.ActiveCfg = Release|x64
		{20CFD720-4BFB-443F-AFAD-5E079BB72C5D}.UT|x64.Build.0 = Release|x64
		{20CFD720-4BFB-443F-AFAD-5E079BB72C5D}.UT|x86.ActiveCfg = Release|Win32
		{20CFD720-4BFB-443F-AFAD-5E079BB72C5D}.UT|x86.Build.0 = Release|Win32
		{20CFD720-4BFB-443F-AFAD-5E079BB72C5D}.x64UT|x64.ActiveCfg = Release|x64
		{20CFD720-4BFB-443F-AFAD-5E079BB72C5D}.x64UT|x64.Build.0 = Release|x64
		{20CFD720-4BFB-443F-AFAD-5E079BB72C5D}.x64UT|x86.ActiveCfg = Release|Win32
		{20CFD720-4BFB-443F-AFAD-5E079BB72C5D}.x64UT|x86.Build.0 = Release|Win32
		{20CFD720-4BFB-443F-AFAD-5E079BB72C5D}.x86UT|x64.ActiveCfg = Release|x64
		{20CFD720-4BFB-443F-AFAD-5E079BB72C5D}.x86UT|x64.Build.0 = Release|x64
		{20CFD720-4BFB-443F-AFAD-5E079BB72C5D}.x86UT|x86.ActiveCfg = Release|Win32
		{20CFD720-4BFB-443F-AFAD-5E079BB72C5D}.x86UT|x86.Build.0 = Release|Win32
		{6A0FF993-CEDB-5133-B51F-E15D389664EF}.Debug_Debugger|x64.ActiveCfg = Debug|x64
		{6A0FF993-CEDB-5133-B51F-E15D389664EF}.Debug_Debugger|x64.Build.0 = Debug|x64
		{6A0FF993-CEDB-5133-B51F-E15D389664EF}.Debug_Debugger|x86.ActiveCfg = Debug|Win32
		{6A0FF993-CEDB-5133-B51F-E15D389664EF}.Debug_Debugger|x86.Build.0 = Debug|Win32
		{6A0FF993-CEDB-5133-B51F-E15D389664EF}.Debug|x64.ActiveCfg = Debug|x64
		{6A0FF993-CEDB-5133-B51F-E15D389664EF}.Debug|x64.Build.0 = Debug|x64
		{6A0FF993-CEDB-5133-B51F-E15D389664EF}.Debug|x86.ActiveCfg = Debug|Win32
		{6A0FF993-CEDB-5133-B51F-E15D389664EF}.Debug|x86.Build.0 = Debug|Win32
		{6A0FF993-CEDB-5133-B51F-E15D389664EF}.dummy|x64.ActiveCfg = Debug|x64
		{6A0FF993-CEDB-5133-B51F-E15D389664EF}.dummy|x64.Build.0 = Debug|x64
		{6A0FF993-CEDB-5133-B51F-E15D389664EF}.dummy|x86.ActiveCfg = Debug|Win32
		{6A0FF993-CEDB-5133-B51F-E15D389664EF}.dummy|x86.Build.0 = Debug|Win32
		{6A0FF993-CEDB-5133-B51F-E15D389664EF}.ForUT|x64.ActiveCfg = Release|x64
		{6A0FF993-CEDB-5133-B51F-E15D389664EF}.ForUT|x64.Build.0 = Release|x64
		{6A0FF993-CEDB-5133-B51F-E15D389664EF}.ForUT|x86.ActiveCfg = Release|Win32
		{6A0FF993-CEDB-5133-B51F-E15D389664EF}.ForUT|x86.Build.0 = Release|Win32
		{6A0FF993-CEDB-5133-B51F-E15D389664EF}.LIB ASM Debug MD|x64.ActiveCfg = Debug|x64
		{6A0FF993-CEDB-5133-B51F-E15D389664EF}.LIB ASM Debug MD|x64.Build.0 = Debug|x64
		{6A0FF993-CEDB-5133-B51F-E15D389664EF}.LIB ASM Debug MD|x86.ActiveCfg = Debug|Win32
		{6A0FF993-CEDB-5133-B51F-E15D389664EF}.LIB ASM Debug MD|x86.Build.0 = Debug|Win32
		{6A0FF993-CEDB-5133-B51F-E15D389664EF}.LIB ASM Debug|x64.ActiveCfg = Debug|x64
		{6A0FF993-CEDB-5133-B51F-E15D389664EF}.LIB ASM Debug|x64.Build.0 = Debug|x64
		{6A0FF993-CEDB-5133-B51F-E15D389664EF}.LIB ASM Debug|x86.ActiveCfg = Debug|Win32
		{6A0FF993-CEDB-5133-B51F-E15D389664EF}.LIB ASM Debug|x86.Build.0 = Debug|Win32
		{6A0FF993-CEDB-5133-B51F-E15D389664EF}.LIB ASM Release MD|x64.ActiveCfg = Release|x64
		{6A0FF993-CEDB-5133-B51F-E15D389664EF}.LIB ASM Release MD|x64.Build.0 = Release|x64
		{6A0FF993-CEDB-5133-B51F-E15D389664EF}.LIB ASM Release MD|x86.ActiveCfg = Release|Win32
		{6A0FF993-CEDB-5133-B51F-E15D389664EF}.LIB ASM Release MD|x86.Build.0 = Release|Win32
		{6A0FF993-CEDB-5133-B51F-E15D389664EF}.LIB ASM Release|x64.ActiveCfg = Release|x64
		{6A0FF993-CEDB-5133-B51F-E15D389664EF}.LIB ASM Release|x64.Build.0 = Release|x64
		{6A0FF993-CEDB-5133-B51F-E15D389664EF}.LIB ASM Release|x86.ActiveCfg = Release|Win32
		{6A0FF993-CEDB-5133-B51F-E15D389664EF}.LIB ASM Release|x86.Build.0 = Release|Win32
		{6A0FF993-CEDB-5133-B51F-E15D389664EF}.LIB Debug MD|x64.ActiveCfg = Debug|x64
		{6A0FF993-CEDB-5133-B51F-E15D389664EF}.LIB Debug MD|x64.Build.0 = Debug|x64
		{6A0FF993-CEDB-5133-B51F-E15D389664EF}.LIB Debug MD|x86.ActiveCfg = Debug|Win32
		{6A0FF993-CEDB-5133-B51F-E15D389664EF}.LIB Debug MD|x86.Build.0 = Debug|Win32
		{6A0FF993-CEDB-5133-B51F-E15D389664EF}.LIB Debug|x64.ActiveCfg = Debug|x64
		{6A0FF993-CEDB-5133-B51F-E15D389664EF}.LIB Debug|x64.Build.0 = Debug|x64
		{6A0FF993-CEDB-5133-B51F-E15D389664EF}.LIB Debug|x86.ActiveCfg = Debug|Win32
		{6A0FF993-CEDB-5133-B51F-E15D389664EF}.LIB Debug|x86.Build.0 = Debug|Win32
		{6A0FF993-CEDB-5133-B51F-E15D389664EF}.LIB Release MD|x64.ActiveCfg = Release|x64
		{6A0FF993-CEDB-5133-B51F-E15D389664EF}.LIB Release MD|x64.Build.0 = Release|x64
		{6A0FF993-CEDB-5133-B51F-E15D389664EF}.LIB Release MD|x86.ActiveCfg = Release|Win32
		{6A0FF993-CEDB-5133-B51F-E15D389664EF}.LIB Release MD|x86.Build.0 = Release|Win32
		{6A0FF993-CEDB-5133-B51F-E15D389664EF}.LIB Release|x64.ActiveCfg = Release|x64
		{6A0FF993-CEDB-5133-B51F-E15D389664EF}.LIB Release|x64.Build.0 = Release|x64
		{6A0FF993-CEDB-5133-B51F-E15D389664EF}.LIB Release|x86.ActiveCfg = Release|Win32
		{6A0FF993-CEDB-5133-B51F-E15D389664EF}.LIB Release|x86.Build.0 = Release|Win32
		{6A0FF993-CEDB-5133-B51F-E15D389664EF}.Release_Debugger|x64.ActiveCfg = Release|x64
		{6A0FF993-CEDB-5133-B51F-E15D389664EF}.Release_Debugger|x64.Build.0 = Release|x64
		{6A0FF993-CEDB-5133-B51F-E15D389664EF}.Release_Debugger|x86.ActiveCfg = Release|Win32
		{6A0FF993-CEDB-5133-B51F-E15D389664EF}.Release_Debugger|x86.Build.0 = Release|Win32
		{6A0FF993-CEDB-5133-B51F-E15D389664EF}.Release|x64.ActiveCfg = Release|x64
		{6A0FF993-CEDB-5133-B51F-E15D389664EF}.Release|x64.Build.0 = Release|x64
		{6A0FF993-CEDB-5133-B51F-E15D389664EF}.Release|x86.ActiveCfg = Release|Win32
		{6A0FF993-CEDB-5133-B51F-E15D389664EF}.Release|x86.Build.0 = Release|Win32
		{6A0FF993-CEDB-5133-B51F-E15D389664EF}.UT|x64.ActiveCfg = Release|x64
		{6A0FF993-CEDB-5133-B51F-E15D389664EF}.UT|x64.Build.0 = Release|x64
		{6A0FF993-CEDB-5133-B51F-E15D389664EF}.UT|x86.ActiveCfg = Release|Win32
		{6A0FF993-CEDB-5133-B51F-E15D389664EF}.UT|x86.Build.0 = Release|Win32
		{6A0FF993-CEDB-5133-B51F-E15D389664EF}.x64UT|x64.ActiveCfg = Release|x64
		{6A0FF993-CEDB-5133-B51F-E15D389664EF}.x64UT|x64.Build.0 = Release|x64
		{6A0FF993-CEDB-5133-B51F-E15D389664EF}.x64UT|x86.ActiveCfg = Release|Win32
		{6A0FF993-CEDB-5133-B51F-E15D389664EF}.x64UT|x86.Build.0 = Release|Win32
		{6A0FF993-CEDB-5133-B51F-E15D389664EF}.x86UT|x64.ActiveCfg = Release|x64
		{6A0FF993-CEDB-5133-B51F-E15D389664EF}.x86UT|x64.Build.0 = Release|x64
		{6A0FF993-CEDB-5133-B51F-E15D389664EF}.x86UT|x86.ActiveCfg = Release|Win32
		{6A0FF993-CEDB-5133-B51F-E15D389664EF}.x86UT|x86.Build.0 = Release|Win32
	EndGlobalSection
	GlobalSection(SolutionProperties) = preSolution
		HideSolutionNode = FALSE
	EndGlobalSection
EndGlobal
